// !$*UTF8*$!
{
	archiveVersion = 1;
	classes = {
	};
	objectVersion = 46;
	objects = {

/* Begin PBXBuildFile section */
		370804941E3671F400005321 /* Settings.swift in Sources */ = {isa = PBXBuildFile; fileRef = 370804931E3671F400005321 /* Settings.swift */; };
		370804B41E3672D000005321 /* Settings.sks in Resources */ = {isa = PBXBuildFile; fileRef = 370804B31E3672D000005321 /* Settings.sks */; };
		3742819D1E58D2020023C38A /* Prologue.mp3 in Resources */ = {isa = PBXBuildFile; fileRef = 3742819C1E58D2020023C38A /* Prologue.mp3 */; };
		3752859F1E069B70004AE801 /* BlockBreakerGameOver.sks in Resources */ = {isa = PBXBuildFile; fileRef = 3752859E1E069B70004AE801 /* BlockBreakerGameOver.sks */; };
		375285A11E069B83004AE801 /* BlockBreakerGameOverClass.swift in Sources */ = {isa = PBXBuildFile; fileRef = 375285A01E069B83004AE801 /* BlockBreakerGameOverClass.swift */; };
		375285A31E06A363004AE801 /* NextLvlClass.swift in Sources */ = {isa = PBXBuildFile; fileRef = 375285A21E06A363004AE801 /* NextLvlClass.swift */; };
		375285A51E06A3EF004AE801 /* NextLvlScene.sks in Resources */ = {isa = PBXBuildFile; fileRef = 375285A41E06A3EF004AE801 /* NextLvlScene.sks */; };
		375285A81E06F1B1004AE801 /* SpaceInvadersScene.sks in Resources */ = {isa = PBXBuildFile; fileRef = 375285A71E06F1B1004AE801 /* SpaceInvadersScene.sks */; };
		375285AA1E06F1C1004AE801 /* SpaceInvadersClass.swift in Sources */ = {isa = PBXBuildFile; fileRef = 375285A91E06F1C1004AE801 /* SpaceInvadersClass.swift */; };
		37615AFF1E2D17B4006B7485 /* explosion.wav in Resources */ = {isa = PBXBuildFile; fileRef = 37615AFE1E2D17B4006B7485 /* explosion.wav */; };
		37615B011E2D1801006B7485 /* shoot.wav in Resources */ = {isa = PBXBuildFile; fileRef = 37615B001E2D1801006B7485 /* shoot.wav */; };
		37615B031E2D189D006B7485 /* invaderkilled.wav in Resources */ = {isa = PBXBuildFile; fileRef = 37615B021E2D189D006B7485 /* invaderkilled.wav */; };
		37615B051E2D21F2006B7485 /* 10 Arpanauts.mp3 in Resources */ = {isa = PBXBuildFile; fileRef = 37615B041E2D21F2006B7485 /* 10 Arpanauts.mp3 */; };
		37615B071E2D2584006B7485 /* 01 A Night Of Dizzy Spells.mp3 in Resources */ = {isa = PBXBuildFile; fileRef = 37615B061E2D2584006B7485 /* 01 A Night Of Dizzy Spells.mp3 */; };
		37615B091E2D2671006B7485 /* 03 Chibi Ninja.mp3 in Resources */ = {isa = PBXBuildFile; fileRef = 37615B081E2D2671006B7485 /* 03 Chibi Ninja.mp3 */; };
		37615B0B1E2D29F6006B7485 /* GameScene.sks in Resources */ = {isa = PBXBuildFile; fileRef = 37615B0A1E2D29F6006B7485 /* GameScene.sks */; };
		37615B0D1E2D2A03006B7485 /* GameScene.swift in Sources */ = {isa = PBXBuildFile; fileRef = 37615B0C1E2D2A03006B7485 /* GameScene.swift */; };
		37AE57321E03257000C402D6 /* AppDelegate.swift in Sources */ = {isa = PBXBuildFile; fileRef = 37AE57311E03257000C402D6 /* AppDelegate.swift */; };
		37AE57341E03257000C402D6 /* PongScene.sks in Resources */ = {isa = PBXBuildFile; fileRef = 37AE57331E03257000C402D6 /* PongScene.sks */; };
		37AE57381E03257000C402D6 /* Pong.swift in Sources */ = {isa = PBXBuildFile; fileRef = 37AE57371E03257000C402D6 /* Pong.swift */; };
		37AE573A1E03257000C402D6 /* GameViewController.swift in Sources */ = {isa = PBXBuildFile; fileRef = 37AE57391E03257000C402D6 /* GameViewController.swift */; };
		37AE573D1E03257000C402D6 /* Main.storyboard in Resources */ = {isa = PBXBuildFile; fileRef = 37AE573B1E03257000C402D6 /* Main.storyboard */; };
		37AE573F1E03257000C402D6 /* Assets.xcassets in Resources */ = {isa = PBXBuildFile; fileRef = 37AE573E1E03257000C402D6 /* Assets.xcassets */; };
		37AE57421E03257000C402D6 /* LaunchScreen.storyboard in Resources */ = {isa = PBXBuildFile; fileRef = 37AE57401E03257000C402D6 /* LaunchScreen.storyboard */; };
		37AE574D1E03263800C402D6 /* Player.swift in Sources */ = {isa = PBXBuildFile; fileRef = 37AE574C1E03263800C402D6 /* Player.swift */; };
		37AE57511E0338C600C402D6 /* LCDPHONE.TTF in Resources */ = {isa = PBXBuildFile; fileRef = 37AE57501E0338C600C402D6 /* LCDPHONE.TTF */; };
		37AE57541E033BFE00C402D6 /* Enemy.swift in Sources */ = {isa = PBXBuildFile; fileRef = 37AE57531E033BFE00C402D6 /* Enemy.swift */; };
		37AE57571E03E49800C402D6 /* Ball.swift in Sources */ = {isa = PBXBuildFile; fileRef = 37AE57561E03E49800C402D6 /* Ball.swift */; };
		37B2E2311E0537DF008D095A /* WinningScene.swift in Sources */ = {isa = PBXBuildFile; fileRef = 37B2E2301E0537DF008D095A /* WinningScene.swift */; };
		37B2E2331E05381C008D095A /* WinningScene.sks in Resources */ = {isa = PBXBuildFile; fileRef = 37B2E2321E05381C008D095A /* WinningScene.sks */; };
		37B2E2361E055D1F008D095A /* MainMenu.sks in Resources */ = {isa = PBXBuildFile; fileRef = 37B2E2351E055D1F008D095A /* MainMenu.sks */; };
		37B2E2381E055D2C008D095A /* MainMenu.swift in Sources */ = {isa = PBXBuildFile; fileRef = 37B2E2371E055D2C008D095A /* MainMenu.swift */; };
		37B2E2411E05C8EC008D095A /* Utilities.swift in Sources */ = {isa = PBXBuildFile; fileRef = 37B2E2401E05C8EC008D095A /* Utilities.swift */; };
		37CD33B81E2E71E50093991B /* 02 HHavok-main.mp3 in Resources */ = {isa = PBXBuildFile; fileRef = 37CD33B71E2E71E50093991B /* 02 HHavok-main.mp3 */; };
		37CD33BA1E2E76AC0093991B /* EndGameLost.swift in Sources */ = {isa = PBXBuildFile; fileRef = 37CD33B91E2E76AC0093991B /* EndGameLost.swift */; };
		37CD33BC1E2E76E40093991B /* EndGameLost.sks in Resources */ = {isa = PBXBuildFile; fileRef = 37CD33BB1E2E76E40093991B /* EndGameLost.sks */; };
		37D2DABB1E30AE890036584A /* 08 Ascending.mp3 in Resources */ = {isa = PBXBuildFile; fileRef = 37D2DABA1E30AE890036584A /* 08 Ascending.mp3 */; };
		37D348171E067DBD00A4FE51 /* BlockBreakerClass.swift in Sources */ = {isa = PBXBuildFile; fileRef = 37D348161E067DBD00A4FE51 /* BlockBreakerClass.swift */; };
		37D348191E067DEB00A4FE51 /* BlockBreakerScene.sks in Resources */ = {isa = PBXBuildFile; fileRef = 37D348181E067DEB00A4FE51 /* BlockBreakerScene.sks */; };
		37EAD16E1E2F5DFC00EB1A53 /* PongMultiSingleSel.sks in Resources */ = {isa = PBXBuildFile; fileRef = 37EAD16D1E2F5DFC00EB1A53 /* PongMultiSingleSel.sks */; };
		37EAD1701E2F5E0B00EB1A53 /* PongMultiSingleSel.swift in Sources */ = {isa = PBXBuildFile; fileRef = 37EAD16F1E2F5E0B00EB1A53 /* PongMultiSingleSel.swift */; };
/* End PBXBuildFile section */

/* Begin PBXFileReference section */
		370804931E3671F400005321 /* Settings.swift */ = {isa = PBXFileReference; fileEncoding = 4; lastKnownFileType = sourcecode.swift; path = Settings.swift; sourceTree = "<group>"; };
		370804B31E3672D000005321 /* Settings.sks */ = {isa = PBXFileReference; lastKnownFileType = file.sks; path = Settings.sks; sourceTree = "<group>"; };
		3742819C1E58D2020023C38A /* Prologue.mp3 */ = {isa = PBXFileReference; lastKnownFileType = audio.mp3; path = Prologue.mp3; sourceTree = "<group>"; };
		3752859E1E069B70004AE801 /* BlockBreakerGameOver.sks */ = {isa = PBXFileReference; lastKnownFileType = file.sks; path = BlockBreakerGameOver.sks; sourceTree = "<group>"; };
		375285A01E069B83004AE801 /* BlockBreakerGameOverClass.swift */ = {isa = PBXFileReference; fileEncoding = 4; lastKnownFileType = sourcecode.swift; path = BlockBreakerGameOverClass.swift; sourceTree = "<group>"; };
		375285A21E06A363004AE801 /* NextLvlClass.swift */ = {isa = PBXFileReference; fileEncoding = 4; lastKnownFileType = sourcecode.swift; path = NextLvlClass.swift; sourceTree = "<group>"; };
		375285A41E06A3EF004AE801 /* NextLvlScene.sks */ = {isa = PBXFileReference; lastKnownFileType = file.sks; path = NextLvlScene.sks; sourceTree = "<group>"; };
		375285A71E06F1B1004AE801 /* SpaceInvadersScene.sks */ = {isa = PBXFileReference; lastKnownFileType = file.sks; path = SpaceInvadersScene.sks; sourceTree = "<group>"; };
		375285A91E06F1C1004AE801 /* SpaceInvadersClass.swift */ = {isa = PBXFileReference; fileEncoding = 4; lastKnownFileType = sourcecode.swift; path = SpaceInvadersClass.swift; sourceTree = "<group>"; };
		37615AFE1E2D17B4006B7485 /* explosion.wav */ = {isa = PBXFileReference; lastKnownFileType = audio.wav; path = explosion.wav; sourceTree = "<group>"; };
		37615B001E2D1801006B7485 /* shoot.wav */ = {isa = PBXFileReference; lastKnownFileType = audio.wav; path = shoot.wav; sourceTree = "<group>"; };
		37615B021E2D189D006B7485 /* invaderkilled.wav */ = {isa = PBXFileReference; lastKnownFileType = audio.wav; path = invaderkilled.wav; sourceTree = "<group>"; };
		37615B041E2D21F2006B7485 /* 10 Arpanauts.mp3 */ = {isa = PBXFileReference; lastKnownFileType = audio.mp3; path = "10 Arpanauts.mp3"; sourceTree = "<group>"; };
		37615B061E2D2584006B7485 /* 01 A Night Of Dizzy Spells.mp3 */ = {isa = PBXFileReference; lastKnownFileType = audio.mp3; path = "01 A Night Of Dizzy Spells.mp3"; sourceTree = "<group>"; };
		37615B081E2D2671006B7485 /* 03 Chibi Ninja.mp3 */ = {isa = PBXFileReference; lastKnownFileType = audio.mp3; path = "03 Chibi Ninja.mp3"; sourceTree = "<group>"; };
		37615B0A1E2D29F6006B7485 /* GameScene.sks */ = {isa = PBXFileReference; lastKnownFileType = file.sks; path = GameScene.sks; sourceTree = "<group>"; };
		37615B0C1E2D2A03006B7485 /* GameScene.swift */ = {isa = PBXFileReference; fileEncoding = 4; lastKnownFileType = sourcecode.swift; path = GameScene.swift; sourceTree = "<group>"; };
		37AE572E1E03257000C402D6 /* Pong.app */ = {isa = PBXFileReference; explicitFileType = wrapper.application; includeInIndex = 0; path = Pong.app; sourceTree = BUILT_PRODUCTS_DIR; };
		37AE57311E03257000C402D6 /* AppDelegate.swift */ = {isa = PBXFileReference; lastKnownFileType = sourcecode.swift; path = AppDelegate.swift; sourceTree = "<group>"; };
		37AE57331E03257000C402D6 /* PongScene.sks */ = {isa = PBXFileReference; lastKnownFileType = file.sks; path = PongScene.sks; sourceTree = "<group>"; };
		37AE57371E03257000C402D6 /* Pong.swift */ = {isa = PBXFileReference; lastKnownFileType = sourcecode.swift; path = Pong.swift; sourceTree = "<group>"; };
		37AE57391E03257000C402D6 /* GameViewController.swift */ = {isa = PBXFileReference; lastKnownFileType = sourcecode.swift; path = GameViewController.swift; sourceTree = "<group>"; };
		37AE573C1E03257000C402D6 /* Base */ = {isa = PBXFileReference; lastKnownFileType = file.storyboard; name = Base; path = Base.lproj/Main.storyboard; sourceTree = "<group>"; };
		37AE573E1E03257000C402D6 /* Assets.xcassets */ = {isa = PBXFileReference; lastKnownFileType = folder.assetcatalog; path = Assets.xcassets; sourceTree = "<group>"; };
		37AE57411E03257000C402D6 /* Base */ = {isa = PBXFileReference; lastKnownFileType = file.storyboard; name = Base; path = Base.lproj/LaunchScreen.storyboard; sourceTree = "<group>"; };
		37AE57431E03257000C402D6 /* Info.plist */ = {isa = PBXFileReference; lastKnownFileType = text.plist.xml; path = Info.plist; sourceTree = "<group>"; };
		37AE574C1E03263800C402D6 /* Player.swift */ = {isa = PBXFileReference; fileEncoding = 4; lastKnownFileType = sourcecode.swift; path = Player.swift; sourceTree = "<group>"; };
		37AE57501E0338C600C402D6 /* LCDPHONE.TTF */ = {isa = PBXFileReference; lastKnownFileType = file; path = LCDPHONE.TTF; sourceTree = "<group>"; };
		37AE57531E033BFE00C402D6 /* Enemy.swift */ = {isa = PBXFileReference; fileEncoding = 4; lastKnownFileType = sourcecode.swift; path = Enemy.swift; sourceTree = "<group>"; };
		37AE57561E03E49800C402D6 /* Ball.swift */ = {isa = PBXFileReference; fileEncoding = 4; lastKnownFileType = sourcecode.swift; path = Ball.swift; sourceTree = "<group>"; };
		37B2E2301E0537DF008D095A /* WinningScene.swift */ = {isa = PBXFileReference; fileEncoding = 4; lastKnownFileType = sourcecode.swift; path = WinningScene.swift; sourceTree = "<group>"; };
		37B2E2321E05381C008D095A /* WinningScene.sks */ = {isa = PBXFileReference; lastKnownFileType = file.sks; path = WinningScene.sks; sourceTree = "<group>"; };
		37B2E2351E055D1F008D095A /* MainMenu.sks */ = {isa = PBXFileReference; lastKnownFileType = file.sks; path = MainMenu.sks; sourceTree = "<group>"; };
		37B2E2371E055D2C008D095A /* MainMenu.swift */ = {isa = PBXFileReference; fileEncoding = 4; lastKnownFileType = sourcecode.swift; path = MainMenu.swift; sourceTree = "<group>"; };
		37B2E2401E05C8EC008D095A /* Utilities.swift */ = {isa = PBXFileReference; fileEncoding = 4; lastKnownFileType = sourcecode.swift; path = Utilities.swift; sourceTree = "<group>"; };
		37CD33B71E2E71E50093991B /* 02 HHavok-main.mp3 */ = {isa = PBXFileReference; lastKnownFileType = audio.mp3; path = "02 HHavok-main.mp3"; sourceTree = "<group>"; };
		37CD33B91E2E76AC0093991B /* EndGameLost.swift */ = {isa = PBXFileReference; fileEncoding = 4; lastKnownFileType = sourcecode.swift; path = EndGameLost.swift; sourceTree = "<group>"; };
		37CD33BB1E2E76E40093991B /* EndGameLost.sks */ = {isa = PBXFileReference; lastKnownFileType = file.sks; path = EndGameLost.sks; sourceTree = "<group>"; };
		37D2DABA1E30AE890036584A /* 08 Ascending.mp3 */ = {isa = PBXFileReference; lastKnownFileType = audio.mp3; path = "08 Ascending.mp3"; sourceTree = "<group>"; };
		37D348161E067DBD00A4FE51 /* BlockBreakerClass.swift */ = {isa = PBXFileReference; fileEncoding = 4; lastKnownFileType = sourcecode.swift; path = BlockBreakerClass.swift; sourceTree = "<group>"; };
		37D348181E067DEB00A4FE51 /* BlockBreakerScene.sks */ = {isa = PBXFileReference; lastKnownFileType = file.sks; path = BlockBreakerScene.sks; sourceTree = "<group>"; };
		37EAD16D1E2F5DFC00EB1A53 /* PongMultiSingleSel.sks */ = {isa = PBXFileReference; lastKnownFileType = file.sks; path = PongMultiSingleSel.sks; sourceTree = "<group>"; };
		37EAD16F1E2F5E0B00EB1A53 /* PongMultiSingleSel.swift */ = {isa = PBXFileReference; fileEncoding = 4; lastKnownFileType = sourcecode.swift; path = PongMultiSingleSel.swift; sourceTree = "<group>"; };
/* End PBXFileReference section */

/* Begin PBXFrameworksBuildPhase section */
		37AE572B1E03257000C402D6 /* Frameworks */ = {
			isa = PBXFrameworksBuildPhase;
			buildActionMask = 2147483647;
			files = (
			);
			runOnlyForDeploymentPostprocessing = 0;
		};
/* End PBXFrameworksBuildPhase section */

/* Begin PBXGroup section */
		370804921E3671DC00005321 /* settings */ = {
			isa = PBXGroup;
			children = (
				370804931E3671F400005321 /* Settings.swift */,
				370804B31E3672D000005321 /* Settings.sks */,
			);
			name = settings;
			sourceTree = "<group>";
		};
		3752859A1E0699F4004AE801 /* PONG */ = {
			isa = PBXGroup;
			children = (
				37EAD16C1E2F5DDC00EB1A53 /* PongSIngleMultMenu */,
				37B2E22E1E05379B008D095A /* GameOver PONG */,
				37B2E22F1E0537BA008D095A /* Winning scene PONG */,
			);
			name = PONG;
			sourceTree = "<group>";
		};
		3752859B1E069A3F004AE801 /* BLOCKBREAKER */ = {
			isa = PBXGroup;
			children = (
				3752859D1E069A63004AE801 /* NextLvlScene */,
				3752859C1E069A53004AE801 /* GameOverScene */,
			);
			name = BLOCKBREAKER;
			sourceTree = "<group>";
		};
		3752859C1E069A53004AE801 /* GameOverScene */ = {
			isa = PBXGroup;
			children = (
				3752859E1E069B70004AE801 /* BlockBreakerGameOver.sks */,
				375285A01E069B83004AE801 /* BlockBreakerGameOverClass.swift */,
			);
			name = GameOverScene;
			sourceTree = "<group>";
		};
		3752859D1E069A63004AE801 /* NextLvlScene */ = {
			isa = PBXGroup;
			children = (
				375285A21E06A363004AE801 /* NextLvlClass.swift */,
				375285A41E06A3EF004AE801 /* NextLvlScene.sks */,
			);
			name = NextLvlScene;
			sourceTree = "<group>";
		};
		375285A61E06F18A004AE801 /* SpaceInvaders */ = {
			isa = PBXGroup;
			children = (
				37BEC1E51E1057E2009F5E5C /* Scene&Class */,
				37BEC1E01E10491E009F5E5C /* SpaceInvadersEndScenes */,
			);
			name = SpaceInvaders;
			sourceTree = "<group>";
		};
		37AE57251E03257000C402D6 = {
			isa = PBXGroup;
			children = (
				37AE57301E03257000C402D6 /* Pong */,
				37AE572F1E03257000C402D6 /* Products */,
			);
			sourceTree = "<group>";
		};
		37AE572F1E03257000C402D6 /* Products */ = {
			isa = PBXGroup;
			children = (
				37AE572E1E03257000C402D6 /* Pong.app */,
			);
			name = Products;
			sourceTree = "<group>";
		};
		37AE57301E03257000C402D6 /* Pong */ = {
			isa = PBXGroup;
			children = (
				370804921E3671DC00005321 /* settings */,
				37B2E23F1E05C8DE008D095A /* Utilities */,
				37B2E2341E055D06008D095A /* main menu */,
				37AE574F1E0338A800C402D6 /* Font */,
				37AE57491E0325C800C402D6 /* Classes */,
				37AE57311E03257000C402D6 /* AppDelegate.swift */,
				37AE57391E03257000C402D6 /* GameViewController.swift */,
				37AE573B1E03257000C402D6 /* Main.storyboard */,
				37AE573E1E03257000C402D6 /* Assets.xcassets */,
				37D2DABA1E30AE890036584A /* 08 Ascending.mp3 */,
				37CD33B71E2E71E50093991B /* 02 HHavok-main.mp3 */,
				3742819C1E58D2020023C38A /* Prologue.mp3 */,
				37615B081E2D2671006B7485 /* 03 Chibi Ninja.mp3 */,
				37615B061E2D2584006B7485 /* 01 A Night Of Dizzy Spells.mp3 */,
				37615B041E2D21F2006B7485 /* 10 Arpanauts.mp3 */,
				37615B021E2D189D006B7485 /* invaderkilled.wav */,
				37615B001E2D1801006B7485 /* shoot.wav */,
				37615AFE1E2D17B4006B7485 /* explosion.wav */,
				37AE57401E03257000C402D6 /* LaunchScreen.storyboard */,
				37AE57431E03257000C402D6 /* Info.plist */,
			);
			path = Pong;
			sourceTree = "<group>";
		};
		37AE57491E0325C800C402D6 /* Classes */ = {
			isa = PBXGroup;
			children = (
				37BEC1EC1E105B8D009F5E5C /* Snake */,
				375285A61E06F18A004AE801 /* SpaceInvaders */,
				37D348151E067D9200A4FE51 /* BlockBreakerScene&Class */,
				37AE57551E03E47900C402D6 /* BallClass */,
				37AE574B1E03261A00C402D6 /* PlayerClass */,
				37AE57521E033BE600C402D6 /* ClassEnemy */,
				37AE574E1E03376500C402D6 /* PongSceneClass */,
			);
			name = Classes;
			sourceTree = "<group>";
		};
		37AE574A1E0325DD00C402D6 /* EndGameScenes */ = {
			isa = PBXGroup;
			children = (
				3752859B1E069A3F004AE801 /* BLOCKBREAKER */,
			);
			name = EndGameScenes;
			sourceTree = "<group>";
		};
		37AE574B1E03261A00C402D6 /* PlayerClass */ = {
			isa = PBXGroup;
			children = (
				37AE574C1E03263800C402D6 /* Player.swift */,
			);
			name = PlayerClass;
			sourceTree = "<group>";
		};
		37AE574E1E03376500C402D6 /* PongSceneClass */ = {
			isa = PBXGroup;
			children = (
				3752859A1E0699F4004AE801 /* PONG */,
				37AE57371E03257000C402D6 /* Pong.swift */,
				37AE57331E03257000C402D6 /* PongScene.sks */,
			);
			name = PongSceneClass;
			sourceTree = "<group>";
		};
		37AE574F1E0338A800C402D6 /* Font */ = {
			isa = PBXGroup;
			children = (
				37AE57501E0338C600C402D6 /* LCDPHONE.TTF */,
			);
			name = Font;
			sourceTree = "<group>";
		};
		37AE57521E033BE600C402D6 /* ClassEnemy */ = {
			isa = PBXGroup;
			children = (
				37AE57531E033BFE00C402D6 /* Enemy.swift */,
			);
			name = ClassEnemy;
			sourceTree = "<group>";
		};
		37AE57551E03E47900C402D6 /* BallClass */ = {
			isa = PBXGroup;
			children = (
				37AE57561E03E49800C402D6 /* Ball.swift */,
			);
			name = BallClass;
			sourceTree = "<group>";
		};
		37B2E22E1E05379B008D095A /* GameOver PONG */ = {
			isa = PBXGroup;
			children = (
				37CD33B91E2E76AC0093991B /* EndGameLost.swift */,
				37CD33BB1E2E76E40093991B /* EndGameLost.sks */,
			);
			name = "GameOver PONG";
			sourceTree = "<group>";
		};
		37B2E22F1E0537BA008D095A /* Winning scene PONG */ = {
			isa = PBXGroup;
			children = (
				37B2E2301E0537DF008D095A /* WinningScene.swift */,
				37B2E2321E05381C008D095A /* WinningScene.sks */,
			);
			name = "Winning scene PONG";
			sourceTree = "<group>";
		};
		37B2E2341E055D06008D095A /* main menu */ = {
			isa = PBXGroup;
			children = (
				37B2E2371E055D2C008D095A /* MainMenu.swift */,
				37B2E2351E055D1F008D095A /* MainMenu.sks */,
			);
			name = "main menu";
			sourceTree = "<group>";
		};
		37B2E23F1E05C8DE008D095A /* Utilities */ = {
			isa = PBXGroup;
			children = (
				37B2E2401E05C8EC008D095A /* Utilities.swift */,
			);
			name = Utilities;
			sourceTree = "<group>";
		};
		37BEC1E01E10491E009F5E5C /* SpaceInvadersEndScenes */ = {
			isa = PBXGroup;
			children = (
			);
			name = SpaceInvadersEndScenes;
			sourceTree = "<group>";
		};
		37BEC1E51E1057E2009F5E5C /* Scene&Class */ = {
			isa = PBXGroup;
			children = (
				375285A91E06F1C1004AE801 /* SpaceInvadersClass.swift */,
				375285A71E06F1B1004AE801 /* SpaceInvadersScene.sks */,
			);
			name = "Scene&Class";
			sourceTree = "<group>";
		};
		37BEC1EC1E105B8D009F5E5C /* Snake */ = {
			isa = PBXGroup;
			children = (
				37BEC1ED1E105BA1009F5E5C /* Class&Scene */,
			);
			name = Snake;
			sourceTree = "<group>";
		};
		37BEC1ED1E105BA1009F5E5C /* Class&Scene */ = {
			isa = PBXGroup;
			children = (
				37615B0A1E2D29F6006B7485 /* GameScene.sks */,
				37615B0C1E2D2A03006B7485 /* GameScene.swift */,
			);
			name = "Class&Scene";
			sourceTree = "<group>";
		};
		37D348151E067D9200A4FE51 /* BlockBreakerScene&Class */ = {
			isa = PBXGroup;
			children = (
				37AE574A1E0325DD00C402D6 /* EndGameScenes */,
				37D348161E067DBD00A4FE51 /* BlockBreakerClass.swift */,
				37D348181E067DEB00A4FE51 /* BlockBreakerScene.sks */,
			);
			name = "BlockBreakerScene&Class";
			sourceTree = "<group>";
		};
		37EAD16C1E2F5DDC00EB1A53 /* PongSIngleMultMenu */ = {
			isa = PBXGroup;
			children = (
				37EAD16D1E2F5DFC00EB1A53 /* PongMultiSingleSel.sks */,
				37EAD16F1E2F5E0B00EB1A53 /* PongMultiSingleSel.swift */,
			);
			name = PongSIngleMultMenu;
			sourceTree = "<group>";
		};
/* End PBXGroup section */

/* Begin PBXNativeTarget section */
		37AE572D1E03257000C402D6 /* Pong */ = {
			isa = PBXNativeTarget;
			buildConfigurationList = 37AE57461E03257000C402D6 /* Build configuration list for PBXNativeTarget "Pong" */;
			buildPhases = (
				37AE572A1E03257000C402D6 /* Sources */,
				37AE572B1E03257000C402D6 /* Frameworks */,
				37AE572C1E03257000C402D6 /* Resources */,
			);
			buildRules = (
			);
			dependencies = (
			);
			name = Pong;
			productName = Pong;
			productReference = 37AE572E1E03257000C402D6 /* Pong.app */;
			productType = "com.apple.product-type.application";
		};
/* End PBXNativeTarget section */

/* Begin PBXProject section */
		37AE57261E03257000C402D6 /* Project object */ = {
			isa = PBXProject;
			attributes = {
				LastSwiftUpdateCheck = 0810;
				LastUpgradeCheck = 0820;
				ORGANIZATIONNAME = "Michal Lučanský";
				TargetAttributes = {
					37AE572D1E03257000C402D6 = {
						CreatedOnToolsVersion = 8.1;
						DevelopmentTeam = A9YN63GW95;
						ProvisioningStyle = Automatic;
					};
				};
			};
			buildConfigurationList = 37AE57291E03257000C402D6 /* Build configuration list for PBXProject "Pong" */;
			compatibilityVersion = "Xcode 3.2";
			developmentRegion = English;
			hasScannedForEncodings = 0;
			knownRegions = (
				en,
				Base,
			);
			mainGroup = 37AE57251E03257000C402D6;
			productRefGroup = 37AE572F1E03257000C402D6 /* Products */;
			projectDirPath = "";
			projectRoot = "";
			targets = (
				37AE572D1E03257000C402D6 /* Pong */,
			);
		};
/* End PBXProject section */

/* Begin PBXResourcesBuildPhase section */
		37AE572C1E03257000C402D6 /* Resources */ = {
			isa = PBXResourcesBuildPhase;
			buildActionMask = 2147483647;
			files = (
				37615B051E2D21F2006B7485 /* 10 Arpanauts.mp3 in Resources */,
				37615B031E2D189D006B7485 /* invaderkilled.wav in Resources */,
				37EAD16E1E2F5DFC00EB1A53 /* PongMultiSingleSel.sks in Resources */,
				37615B091E2D2671006B7485 /* 03 Chibi Ninja.mp3 in Resources */,
				37AE573D1E03257000C402D6 /* Main.storyboard in Resources */,
				37615B0B1E2D29F6006B7485 /* GameScene.sks in Resources */,
				37CD33B81E2E71E50093991B /* 02 HHavok-main.mp3 in Resources */,
				37AE57341E03257000C402D6 /* PongScene.sks in Resources */,
				37AE573F1E03257000C402D6 /* Assets.xcassets in Resources */,
				37615B011E2D1801006B7485 /* shoot.wav in Resources */,
				37D2DABB1E30AE890036584A /* 08 Ascending.mp3 in Resources */,
				37D348191E067DEB00A4FE51 /* BlockBreakerScene.sks in Resources */,
				37AE57511E0338C600C402D6 /* LCDPHONE.TTF in Resources */,
				37B2E2361E055D1F008D095A /* MainMenu.sks in Resources */,
				375285A81E06F1B1004AE801 /* SpaceInvadersScene.sks in Resources */,
				3742819D1E58D2020023C38A /* Prologue.mp3 in Resources */,
				37615AFF1E2D17B4006B7485 /* explosion.wav in Resources */,
				370804B41E3672D000005321 /* Settings.sks in Resources */,
				37615B071E2D2584006B7485 /* 01 A Night Of Dizzy Spells.mp3 in Resources */,
				37CD33BC1E2E76E40093991B /* EndGameLost.sks in Resources */,
				375285A51E06A3EF004AE801 /* NextLvlScene.sks in Resources */,
				37B2E2331E05381C008D095A /* WinningScene.sks in Resources */,
				3752859F1E069B70004AE801 /* BlockBreakerGameOver.sks in Resources */,
				37AE57421E03257000C402D6 /* LaunchScreen.storyboard in Resources */,
			);
			runOnlyForDeploymentPostprocessing = 0;
		};
/* End PBXResourcesBuildPhase section */

/* Begin PBXSourcesBuildPhase section */
		37AE572A1E03257000C402D6 /* Sources */ = {
			isa = PBXSourcesBuildPhase;
			buildActionMask = 2147483647;
			files = (
				37AE57571E03E49800C402D6 /* Ball.swift in Sources */,
				375285AA1E06F1C1004AE801 /* SpaceInvadersClass.swift in Sources */,
				37EAD1701E2F5E0B00EB1A53 /* PongMultiSingleSel.swift in Sources */,
				37B2E2381E055D2C008D095A /* MainMenu.swift in Sources */,
				37AE57541E033BFE00C402D6 /* Enemy.swift in Sources */,
				37AE574D1E03263800C402D6 /* Player.swift in Sources */,
				37D348171E067DBD00A4FE51 /* BlockBreakerClass.swift in Sources */,
				37AE57381E03257000C402D6 /* Pong.swift in Sources */,
				37B2E2311E0537DF008D095A /* WinningScene.swift in Sources */,
				37615B0D1E2D2A03006B7485 /* GameScene.swift in Sources */,
				37CD33BA1E2E76AC0093991B /* EndGameLost.swift in Sources */,
				37AE573A1E03257000C402D6 /* GameViewController.swift in Sources */,
				375285A11E069B83004AE801 /* BlockBreakerGameOverClass.swift in Sources */,
				375285A31E06A363004AE801 /* NextLvlClass.swift in Sources */,
				37B2E2411E05C8EC008D095A /* Utilities.swift in Sources */,
				37AE57321E03257000C402D6 /* AppDelegate.swift in Sources */,
				370804941E3671F400005321 /* Settings.swift in Sources */,
			);
			runOnlyForDeploymentPostprocessing = 0;
		};
/* End PBXSourcesBuildPhase section */

/* Begin PBXVariantGroup section */
		37AE573B1E03257000C402D6 /* Main.storyboard */ = {
			isa = PBXVariantGroup;
			children = (
				37AE573C1E03257000C402D6 /* Base */,
			);
			name = Main.storyboard;
			sourceTree = "<group>";
		};
		37AE57401E03257000C402D6 /* LaunchScreen.storyboard */ = {
			isa = PBXVariantGroup;
			children = (
				37AE57411E03257000C402D6 /* Base */,
			);
			name = LaunchScreen.storyboard;
			sourceTree = "<group>";
		};
/* End PBXVariantGroup section */

/* Begin XCBuildConfiguration section */
		37AE57441E03257000C402D6 /* Debug */ = {
			isa = XCBuildConfiguration;
			buildSettings = {
				ALWAYS_SEARCH_USER_PATHS = NO;
				CLANG_ANALYZER_NONNULL = YES;
				CLANG_CXX_LANGUAGE_STANDARD = "gnu++0x";
				CLANG_CXX_LIBRARY = "libc++";
				CLANG_ENABLE_MODULES = YES;
				CLANG_ENABLE_OBJC_ARC = YES;
				CLANG_WARN_BOOL_CONVERSION = YES;
				CLANG_WARN_CONSTANT_CONVERSION = YES;
				CLANG_WARN_DIRECT_OBJC_ISA_USAGE = YES_ERROR;
				CLANG_WARN_DOCUMENTATION_COMMENTS = YES;
				CLANG_WARN_EMPTY_BODY = YES;
				CLANG_WARN_ENUM_CONVERSION = YES;
				CLANG_WARN_INFINITE_RECURSION = YES;
				CLANG_WARN_INT_CONVERSION = YES;
				CLANG_WARN_OBJC_ROOT_CLASS = YES_ERROR;
				CLANG_WARN_SUSPICIOUS_MOVE = YES;
				CLANG_WARN_SUSPICIOUS_MOVES = YES;
				CLANG_WARN_UNREACHABLE_CODE = YES;
				CLANG_WARN__DUPLICATE_METHOD_MATCH = YES;
				"CODE_SIGN_IDENTITY[sdk=iphoneos*]" = "iPhone Developer";
				COPY_PHASE_STRIP = NO;
				DEBUG_INFORMATION_FORMAT = dwarf;
				ENABLE_STRICT_OBJC_MSGSEND = YES;
				ENABLE_TESTABILITY = YES;
				GCC_C_LANGUAGE_STANDARD = gnu99;
				GCC_DYNAMIC_NO_PIC = NO;
				GCC_NO_COMMON_BLOCKS = YES;
				GCC_OPTIMIZATION_LEVEL = 0;
				GCC_PREPROCESSOR_DEFINITIONS = (
					"DEBUG=1",
					"$(inherited)",
				);
				GCC_WARN_64_TO_32_BIT_CONVERSION = YES;
				GCC_WARN_ABOUT_RETURN_TYPE = YES_ERROR;
				GCC_WARN_UNDECLARED_SELECTOR = YES;
				GCC_WARN_UNINITIALIZED_AUTOS = YES_AGGRESSIVE;
				GCC_WARN_UNUSED_FUNCTION = YES;
				GCC_WARN_UNUSED_VARIABLE = YES;
				IPHONEOS_DEPLOYMENT_TARGET = 10.2;
				MTL_ENABLE_DEBUG_INFO = YES;
				ONLY_ACTIVE_ARCH = YES;
				SDKROOT = iphoneos;
				SWIFT_ACTIVE_COMPILATION_CONDITIONS = DEBUG;
				SWIFT_OPTIMIZATION_LEVEL = "-Onone";
			};
			name = Debug;
		};
		37AE57451E03257000C402D6 /* Release */ = {
			isa = XCBuildConfiguration;
			buildSettings = {
				ALWAYS_SEARCH_USER_PATHS = NO;
				CLANG_ANALYZER_NONNULL = YES;
				CLANG_CXX_LANGUAGE_STANDARD = "gnu++0x";
				CLANG_CXX_LIBRARY = "libc++";
				CLANG_ENABLE_MODULES = YES;
				CLANG_ENABLE_OBJC_ARC = YES;
				CLANG_WARN_BOOL_CONVERSION = YES;
				CLANG_WARN_CONSTANT_CONVERSION = YES;
				CLANG_WARN_DIRECT_OBJC_ISA_USAGE = YES_ERROR;
				CLANG_WARN_DOCUMENTATION_COMMENTS = YES;
				CLANG_WARN_EMPTY_BODY = YES;
				CLANG_WARN_ENUM_CONVERSION = YES;
				CLANG_WARN_INFINITE_RECURSION = YES;
				CLANG_WARN_INT_CONVERSION = YES;
				CLANG_WARN_OBJC_ROOT_CLASS = YES_ERROR;
				CLANG_WARN_SUSPICIOUS_MOVE = YES;
				CLANG_WARN_SUSPICIOUS_MOVES = YES;
				CLANG_WARN_UNREACHABLE_CODE = YES;
				CLANG_WARN__DUPLICATE_METHOD_MATCH = YES;
				CODE_SIGN_IDENTITY = "iPhone Developer: lucansky.michal@gmail.com (W4YRV2KKWG)";
				"CODE_SIGN_IDENTITY[sdk=iphoneos*]" = "iPhone Developer";
				COPY_PHASE_STRIP = NO;
				DEBUG_INFORMATION_FORMAT = "dwarf-with-dsym";
				ENABLE_NS_ASSERTIONS = NO;
				ENABLE_STRICT_OBJC_MSGSEND = YES;
				GCC_C_LANGUAGE_STANDARD = gnu99;
				GCC_NO_COMMON_BLOCKS = YES;
				GCC_WARN_64_TO_32_BIT_CONVERSION = YES;
				GCC_WARN_ABOUT_RETURN_TYPE = YES_ERROR;
				GCC_WARN_UNDECLARED_SELECTOR = YES;
				GCC_WARN_UNINITIALIZED_AUTOS = YES_AGGRESSIVE;
				GCC_WARN_UNUSED_FUNCTION = YES;
				GCC_WARN_UNUSED_VARIABLE = YES;
				IPHONEOS_DEPLOYMENT_TARGET = 10.2;
				MTL_ENABLE_DEBUG_INFO = NO;
				SDKROOT = iphoneos;
				SWIFT_OPTIMIZATION_LEVEL = "-Owholemodule";
				VALIDATE_PRODUCT = YES;
			};
			name = Release;
		};
		37AE57471E03257000C402D6 /* Debug */ = {
			isa = XCBuildConfiguration;
			buildSettings = {
				ASSETCATALOG_COMPILER_APPICON_NAME = AppIcon;
				"CODE_SIGN_IDENTITY[sdk=iphoneos*]" = "iPhone Developer";
				DEVELOPMENT_TEAM = A9YN63GW95;
				INFOPLIST_FILE = Pong/Info.plist;
				LD_RUNPATH_SEARCH_PATHS = "$(inherited) @executable_path/Frameworks";
				PRODUCT_BUNDLE_IDENTIFIER = "com.naturephotography.sk-PongFinal";
				PRODUCT_NAME = "$(TARGET_NAME)";
				SWIFT_VERSION = 3.0;
			};
			name = Debug;
		};
		37AE57481E03257000C402D6 /* Release */ = {
			isa = XCBuildConfiguration;
			buildSettings = {
				ASSETCATALOG_COMPILER_APPICON_NAME = AppIcon;
				"CODE_SIGN_IDENTITY[sdk=iphoneos*]" = "iPhone Developer";
				DEVELOPMENT_TEAM = A9YN63GW95;
				INFOPLIST_FILE = Pong/Info.plist;
				LD_RUNPATH_SEARCH_PATHS = "$(inherited) @executable_path/Frameworks";
				PRODUCT_BUNDLE_IDENTIFIER = "com.naturephotography.sk-PongFinal";
				PRODUCT_NAME = "$(TARGET_NAME)";
				SWIFT_VERSION = 3.0;
			};
			name = Release;
		};
/* End XCBuildConfiguration section */

/* Begin XCConfigurationList section */
		37AE57291E03257000C402D6 /* Build configuration list for PBXProject "Pong" */ = {
			isa = XCConfigurationList;
			buildConfigurations = (
				37AE57441E03257000C402D6 /* Debug */,
				37AE57451E03257000C402D6 /* Release */,
			);
			defaultConfigurationIsVisible = 0;
			defaultConfigurationName = Release;
		};
		37AE57461E03257000C402D6 /* Build configuration list for PBXNativeTarget "Pong" */ = {
			isa = XCConfigurationList;
			buildConfigurations = (
				37AE57471E03257000C402D6 /* Debug */,
				37AE57481E03257000C402D6 /* Release */,
			);
			defaultConfigurationIsVisible = 0;
			defaultConfigurationName = Release;
		};
/* End XCConfigurationList section */
	};
	rootObject = 37AE57261E03257000C402D6 /* Project object */;
}
